
Microsoft Visual Studio Solution File, Format Version 12.00
# Visual Studio Version 16
VisualStudioVersion = 16.0.28803.156
MinimumVisualStudioVersion = 10.0.40219.1
Project("{FAE04EC0-301F-11D3-BF4B-00C04F79EFBC}") = "BMI_170546.Android", "BMI_170546\BMI_170546.Android\BMI_170546.Android.csproj", "{266375E7-B0A9-4C6A-943E-6195A4AA3BDC}"
EndProject
Project("{FAE04EC0-301F-11D3-BF4B-00C04F79EFBC}") = "BMI_170546.iOS", "BMI_170546\BMI_170546.iOS\BMI_170546.iOS.csproj", "{FBAC9651-DC73-4E6F-81B5-9E155E1291F4}"
EndProject
Project("{FAE04EC0-301F-11D3-BF4B-00C04F79EFBC}") = "BMI_170546", "BMI_170546\BMI_170546\BMI_170546.csproj", "{E6B30F0D-BEA5-472A-8712-2E47038FD1B0}"
EndProject
Global
	GlobalSection(SolutionConfigurationPlatforms) = preSolution
		Debug|Any CPU = Debug|Any CPU
		Debug|iPhone = Debug|iPhone
		Debug|iPhoneSimulator = Debug|iPhoneSimulator
		Release|Any CPU = Release|Any CPU
		Release|iPhone = Release|iPhone
		Release|iPhoneSimulator = Release|iPhoneSimulator
	EndGlobalSection
	GlobalSection(ProjectConfigurationPlatforms) = postSolution
		{266375E7-B0A9-4C6A-943E-6195A4AA3BDC}.Debug|Any CPU.ActiveCfg = Debug|Any CPU
		{266375E7-B0A9-4C6A-943E-6195A4AA3BDC}.Debug|Any CPU.Build.0 = Debug|Any CPU
		{266375E7-B0A9-4C6A-943E-6195A4AA3BDC}.Debug|Any CPU.Deploy.0 = Debug|Any CPU
		{266375E7-B0A9-4C6A-943E-6195A4AA3BDC}.Debug|iPhone.ActiveCfg = Debug|Any CPU
		{266375E7-B0A9-4C6A-943E-6195A4AA3BDC}.Debug|iPhone.Build.0 = Debug|Any CPU
		{266375E7-B0A9-4C6A-943E-6195A4AA3BDC}.Debug|iPhone.Deploy.0 = Debug|Any CPU
		{266375E7-B0A9-4C6A-943E-6195A4AA3BDC}.Debug|iPhoneSimulator.ActiveCfg = Debug|Any CPU
		{266375E7-B0A9-4C6A-943E-6195A4AA3BDC}.Debug|iPhoneSimulator.Build.0 = Debug|Any CPU
		{266375E7-B0A9-4C6A-943E-6195A4AA3BDC}.Debug|iPhoneSimulator.Deploy.0 = Debug|Any CPU
		{266375E7-B0A9-4C6A-943E-6195A4AA3BDC}.Release|Any CPU.ActiveCfg = Release|Any CPU
		{266375E7-B0A9-4C6A-943E-6195A4AA3BDC}.Release|Any CPU.Build.0 = Release|Any CPU
		{266375E7-B0A9-4C6A-943E-6195A4AA3BDC}.Release|Any CPU.Deploy.0 = Release|Any CPU
		{266375E7-B0A9-4C6A-943E-6195A4AA3BDC}.Release|iPhone.ActiveCfg = Release|Any CPU
		{266375E7-B0A9-4C6A-943E-6195A4AA3BDC}.Release|iPhone.Build.0 = Release|Any CPU
		{266375E7-B0A9-4C6A-943E-6195A4AA3BDC}.Release|iPhone.Deploy.0 = Release|Any CPU
		{266375E7-B0A9-4C6A-943E-6195A4AA3BDC}.Release|iPhoneSimulator.ActiveCfg = Release|Any CPU
		{266375E7-B0A9-4C6A-943E-6195A4AA3BDC}.Release|iPhoneSimulator.Build.0 = Release|Any CPU
		{266375E7-B0A9-4C6A-943E-6195A4AA3BDC}.Release|iPhoneSimulator.Deploy.0 = Release|Any CPU
		{FBAC9651-DC73-4E6F-81B5-9E155E1291F4}.Debug|Any CPU.ActiveCfg = Debug|iPhoneSimulator
		{FBAC9651-DC73-4E6F-81B5-9E155E1291F4}.Debug|Any CPU.Build.0 = Debug|iPhoneSimulator
		{FBAC9651-DC73-4E6F-81B5-9E155E1291F4}.Debug|Any CPU.Deploy.0 = Debug|iPhoneSimulator
		{FBAC9651-DC73-4E6F-81B5-9E155E1291F4}.Debug|iPhone.ActiveCfg = Debug|iPhone
		{FBAC9651-DC73-4E6F-81B5-9E155E1291F4}.Debug|iPhone.Build.0 = Debug|iPhone
		{FBAC9651-DC73-4E6F-81B5-9E155E1291F4}.Debug|iPhone.Deploy.0 = Debug|iPhone
		{FBAC9651-DC73-4E6F-81B5-9E155E1291F4}.Debug|iPhoneSimulator.ActiveCfg = Debug|iPhoneSimulator
		{FBAC9651-DC73-4E6F-81B5-9E155E1291F4}.Debug|iPhoneSimulator.Build.0 = Debug|iPhoneSimulator
		{FBAC9651-DC73-4E6F-81B5-9E155E1291F4}.Debug|iPhoneSimulator.Deploy.0 = Debug|iPhoneSimulator
		{FBAC9651-DC73-4E6F-81B5-9E155E1291F4}.Release|Any CPU.ActiveCfg = Release|iPhone
		{FBAC9651-DC73-4E6F-81B5-9E155E1291F4}.Release|Any CPU.Build.0 = Release|iPhone
		{FBAC9651-DC73-4E6F-81B5-9E155E1291F4}.Release|Any CPU.Deploy.0 = Release|iPhone
		{FBAC9651-DC73-4E6F-81B5-9E155E1291F4}.Release|iPhone.ActiveCfg = Release|iPhone
		{FBAC9651-DC73-4E6F-81B5-9E155E1291F4}.Release|iPhone.Build.0 = Release|iPhone
		{FBAC9651-DC73-4E6F-81B5-9E155E1291F4}.Release|iPhone.Deploy.0 = Release|iPhone
		{FBAC9651-DC73-4E6F-81B5-9E155E1291F4}.Release|iPhoneSimulator.ActiveCfg = Release|iPhoneSimulator
		{FBAC9651-DC73-4E6F-81B5-9E155E1291F4}.Release|iPhoneSimulator.Build.0 = Release|iPhoneSimulator
		{FBAC9651-DC73-4E6F-81B5-9E155E1291F4}.Release|iPhoneSimulator.Deploy.0 = Release|iPhoneSimulator
		{E6B30F0D-BEA5-472A-8712-2E47038FD1B0}.Debug|Any CPU.ActiveCfg = Debug|Any CPU
		{E6B30F0D-BEA5-472A-8712-2E47038FD1B0}.Debug|Any CPU.Build.0 = Debug|Any CPU
		{E6B30F0D-BEA5-472A-8712-2E47038FD1B0}.Debug|Any CPU.Deploy.0 = Debug|Any CPU
		{E6B30F0D-BEA5-472A-8712-2E47038FD1B0}.Debug|iPhone.ActiveCfg = Debug|Any CPU
		{E6B30F0D-BEA5-472A-8712-2E47038FD1B0}.Debug|iPhone.Build.0 = Debug|Any CPU
		{E6B30F0D-BEA5-472A-8712-2E47038FD1B0}.Debug|iPhone.Deploy.0 = Debug|Any CPU
		{E6B30F0D-BEA5-472A-8712-2E47038FD1B0}.Debug|iPhoneSimulator.ActiveCfg = Debug|Any CPU
		{E6B30F0D-BEA5-472A-8712-2E47038FD1B0}.Debug|iPhoneSimulator.Build.0 = Debug|Any CPU
		{E6B30F0D-BEA5-472A-8712-2E47038FD1B0}.Debug|iPhoneSimulator.Deploy.0 = Debug|Any CPU
		{E6B30F0D-BEA5-472A-8712-2E47038FD1B0}.Release|Any CPU.ActiveCfg = Release|Any CPU
		{E6B30F0D-BEA5-472A-8712-2E47038FD1B0}.Release|Any CPU.Build.0 = Release|Any CPU
		{E6B30F0D-BEA5-472A-8712-2E47038FD1B0}.Release|Any CPU.Deploy.0 = Release|Any CPU
		{E6B30F0D-BEA5-472A-8712-2E47038FD1B0}.Release|iPhone.ActiveCfg = Release|Any CPU
		{E6B30F0D-BEA5-472A-8712-2E47038FD1B0}.Release|iPhone.Build.0 = Release|Any CPU
		{E6B30F0D-BEA5-472A-8712-2E47038FD1B0}.Release|iPhone.Deploy.0 = Release|Any CPU
		{E6B30F0D-BEA5-472A-8712-2E47038FD1B0}.Release|iPhoneSimulator.ActiveCfg = Release|Any CPU
		{E6B30F0D-BEA5-472A-8712-2E47038FD1B0}.Release|iPhoneSimulator.Build.0 = Release|Any CPU
		{E6B30F0D-BEA5-472A-8712-2E47038FD1B0}.Release|iPhoneSimulator.Deploy.0 = Release|Any CPU
	EndGlobalSection
	GlobalSection(SolutionProperties) = preSolution
		HideSolutionNode = FALSE
	EndGlobalSection
	GlobalSection(ExtensibilityGlobals) = postSolution
		SolutionGuid = {06DA1DA2-21AD-4B82-8591-1CE616646C99}
	EndGlobalSection
EndGlobal
